
Microsoft Visual Studio Solution File, Format Version 12.00
# Visual Studio Version 16
VisualStudioVersion = 16.0.29709.97
MinimumVisualStudioVersion = 10.0.40219.1
Project("{FAE04EC0-301F-11D3-BF4B-00C04F79EFBC}") = "FizzBuzz", "FizzBuzz\FizzBuzz.csproj", "{BA7A43E4-E89E-4414-9F8F-216EC2190C8B}"
EndProject
Global
	GlobalSection(SolutionConfigurationPlatforms) = preSolution
		Debug|Any CPU = Debug|Any CPU
		Release|Any CPU = Release|Any CPU
	EndGlobalSection
	GlobalSection(ProjectConfigurationPlatforms) = postSolution
		{BA7A43E4-E89E-4414-9F8F-216EC2190C8B}.Debug|Any CPU.ActiveCfg = Debug|Any CPU
		{BA7A43E4-E89E-4414-9F8F-216EC2190C8B}.Debug|Any CPU.Build.0 = Debug|Any CPU
		{BA7A43E4-E89E-4414-9F8F-216EC2190C8B}.Release|Any CPU.ActiveCfg = Release|Any CPU
		{BA7A43E4-E89E-4414-9F8F-216EC2190C8B}.Release|Any CPU.Build.0 = Release|Any CPU
	EndGlobalSection
	GlobalSection(SolutionProperties) = preSolution
		HideSolutionNode = FALSE
	EndGlobalSection
	GlobalSection(ExtensibilityGlobals) = postSolution
		SolutionGuid = {F4719F59-9A83-4F3D-A3FB-43ACC498AEC8}
	EndGlobalSection
EndGlobal
